// !$*UTF8*$!
{
	archiveVersion = 1;
	classes = {
	};
	objectVersion = 52;
	objects = {

/* Begin PBXBuildFile section */
		A016820D25916BC3008925B6 /* AuthManager.swift in Sources */ = {isa = PBXBuildFile; fileRef = A016820C25916BC3008925B6 /* AuthManager.swift */; };
		A016827425917798008925B6 /* UserDataFetcher.swift in Sources */ = {isa = PBXBuildFile; fileRef = A051033D258FEAD900E2CC60 /* UserDataFetcher.swift */; };
		A034F5342597E345003999A1 /* ImagePickerView.swift in Sources */ = {isa = PBXBuildFile; fileRef = A034F5332597E345003999A1 /* ImagePickerView.swift */; };
		A0374D30259E4E77003D6D42 /* Intents.framework in Frameworks */ = {isa = PBXBuildFile; fileRef = A0374D2F259E4E77003D6D42 /* Intents.framework */; };
		A0374D33259E4E77003D6D42 /* IntentHandler.swift in Sources */ = {isa = PBXBuildFile; fileRef = A0374D32259E4E77003D6D42 /* IntentHandler.swift */; };
		A0374D37259E4E77003D6D42 /* PaletteIntent.appex in Embed App Extensions */ = {isa = PBXBuildFile; fileRef = A0374D2E259E4E77003D6D42 /* PaletteIntent.appex */; settings = {ATTRIBUTES = (RemoveHeadersOnCopy, ); }; };
		A0374D3D259E4EC2003D6D42 /* IntentHandler.swift in Sources */ = {isa = PBXBuildFile; fileRef = A0374D32259E4E77003D6D42 /* IntentHandler.swift */; };
		A0374D41259E4F01003D6D42 /* CoreDataFetcher.swift in Sources */ = {isa = PBXBuildFile; fileRef = A0374D40259E4F01003D6D42 /* CoreDataFetcher.swift */; };
		A0374D42259E4F01003D6D42 /* CoreDataFetcher.swift in Sources */ = {isa = PBXBuildFile; fileRef = A0374D40259E4F01003D6D42 /* CoreDataFetcher.swift */; };
		A0374D45259E4FE6003D6D42 /* GithubWidgets.intentdefinition in Sources */ = {isa = PBXBuildFile; fileRef = A0DA35AA258FD216009F3038 /* GithubWidgets.intentdefinition */; };
		A0374D4A259E5121003D6D42 /* Palette+CoreDataClass.swift in Sources */ = {isa = PBXBuildFile; fileRef = A0DD0EF42593C0D300428149 /* Palette+CoreDataClass.swift */; };
		A0374D4B259E5121003D6D42 /* CColor+CoreDataProperties.swift in Sources */ = {isa = PBXBuildFile; fileRef = A0DD0EF32593C0D300428149 /* CColor+CoreDataProperties.swift */; };
		A0374D4C259E5121003D6D42 /* Background+CoreDataClass.swift in Sources */ = {isa = PBXBuildFile; fileRef = A0A91AFC2597CB680039E1A0 /* Background+CoreDataClass.swift */; };
		A0374D4D259E5121003D6D42 /* Background+CoreDataProperties.swift in Sources */ = {isa = PBXBuildFile; fileRef = A0A91AFD2597CB680039E1A0 /* Background+CoreDataProperties.swift */; };
		A0374D4E259E5121003D6D42 /* Palette+CoreDataProperties.swift in Sources */ = {isa = PBXBuildFile; fileRef = A0DD0EF52593C0D300428149 /* Palette+CoreDataProperties.swift */; };
		A0374D4F259E5121003D6D42 /* CColor+CoreDataClass.swift in Sources */ = {isa = PBXBuildFile; fileRef = A0DD0EF22593C0D300428149 /* CColor+CoreDataClass.swift */; };
		A0374D52259E512F003D6D42 /* Background+CoreDataProperties.swift in Sources */ = {isa = PBXBuildFile; fileRef = A0A91AFD2597CB680039E1A0 /* Background+CoreDataProperties.swift */; };
		A0374D53259E512F003D6D42 /* Background+CoreDataClass.swift in Sources */ = {isa = PBXBuildFile; fileRef = A0A91AFC2597CB680039E1A0 /* Background+CoreDataClass.swift */; };
		A0374D59259E5862003D6D42 /* URLExtension.swift in Sources */ = {isa = PBXBuildFile; fileRef = A0374D58259E5862003D6D42 /* URLExtension.swift */; };
		A0374D5A259E5862003D6D42 /* URLExtension.swift in Sources */ = {isa = PBXBuildFile; fileRef = A0374D58259E5862003D6D42 /* URLExtension.swift */; };
		A0374D5B259E5862003D6D42 /* URLExtension.swift in Sources */ = {isa = PBXBuildFile; fileRef = A0374D58259E5862003D6D42 /* URLExtension.swift */; };
		A0374D6B259E5DFD003D6D42 /* GithubContributions.xcdatamodeld in Sources */ = {isa = PBXBuildFile; fileRef = A0DD0EED2593BEEA00428149 /* GithubContributions.xcdatamodeld */; };
		A0385C7E2593A55E00FA0369 /* ColorPaletteSwabView.swift in Sources */ = {isa = PBXBuildFile; fileRef = A0385C7D2593A55E00FA0369 /* ColorPaletteSwabView.swift */; };
		A051033A258FE6DC00E2CC60 /* Apollo in Frameworks */ = {isa = PBXBuildFile; productRef = A0510339258FE6DC00E2CC60 /* Apollo */; };
		A0510343258FF6A400E2CC60 /* BetterSafariView in Frameworks */ = {isa = PBXBuildFile; productRef = A0510342258FF6A400E2CC60 /* BetterSafariView */; };
		A051034B25901E3E00E2CC60 /* Kingfisher in Frameworks */ = {isa = PBXBuildFile; productRef = A051034A25901E3E00E2CC60 /* Kingfisher */; };
		A051034D25901E3E00E2CC60 /* KingfisherSwiftUI in Frameworks */ = {isa = PBXBuildFile; productRef = A051034C25901E3E00E2CC60 /* KingfisherSwiftUI */; };
		A051035125901E4C00E2CC60 /* Kingfisher in Frameworks */ = {isa = PBXBuildFile; productRef = A051035025901E4C00E2CC60 /* Kingfisher */; };
		A051035325901E5500E2CC60 /* KingfisherSwiftUI in Frameworks */ = {isa = PBXBuildFile; productRef = A051035225901E5500E2CC60 /* KingfisherSwiftUI */; };
		A05DF8CB25917C9400C1A0F3 /* API.swift in Sources */ = {isa = PBXBuildFile; fileRef = A05DF8CA25917C9400C1A0F3 /* API.swift */; };
		A05DF8CC25917C9400C1A0F3 /* API.swift in Sources */ = {isa = PBXBuildFile; fileRef = A05DF8CA25917C9400C1A0F3 /* API.swift */; };
		A06A78F1259A4640004431F2 /* NewAddColorPaletteView.swift in Sources */ = {isa = PBXBuildFile; fileRef = A06A78F0259A4640004431F2 /* NewAddColorPaletteView.swift */; };
		A06E68E4259A63FF001E6E09 /* CalendarWidget.swift in Sources */ = {isa = PBXBuildFile; fileRef = A06E68E3259A63FF001E6E09 /* CalendarWidget.swift */; };
		A06E68E5259A63FF001E6E09 /* CalendarWidget.swift in Sources */ = {isa = PBXBuildFile; fileRef = A06E68E3259A63FF001E6E09 /* CalendarWidget.swift */; };
		A07B754C25AA18140005D68D /* NormalGithubWidget.swift in Sources */ = {isa = PBXBuildFile; fileRef = A07B754B25AA18140005D68D /* NormalGithubWidget.swift */; };
		A07B755625AA2AB30005D68D /* AccentColorGridView.swift in Sources */ = {isa = PBXBuildFile; fileRef = A07B755525AA2AB30005D68D /* AccentColorGridView.swift */; };
		A07B756925AA3A800005D68D /* AccColor+CoreDataClass.swift in Sources */ = {isa = PBXBuildFile; fileRef = A07B756725AA3A800005D68D /* AccColor+CoreDataClass.swift */; };
		A07B756A25AA3A800005D68D /* AccColor+CoreDataClass.swift in Sources */ = {isa = PBXBuildFile; fileRef = A07B756725AA3A800005D68D /* AccColor+CoreDataClass.swift */; };
		A07B756B25AA3A800005D68D /* AccColor+CoreDataClass.swift in Sources */ = {isa = PBXBuildFile; fileRef = A07B756725AA3A800005D68D /* AccColor+CoreDataClass.swift */; };
		A07B756C25AA3A800005D68D /* AccColor+CoreDataProperties.swift in Sources */ = {isa = PBXBuildFile; fileRef = A07B756825AA3A800005D68D /* AccColor+CoreDataProperties.swift */; };
		A07B756D25AA3A800005D68D /* AccColor+CoreDataProperties.swift in Sources */ = {isa = PBXBuildFile; fileRef = A07B756825AA3A800005D68D /* AccColor+CoreDataProperties.swift */; };
		A07B756E25AA3A800005D68D /* AccColor+CoreDataProperties.swift in Sources */ = {isa = PBXBuildFile; fileRef = A07B756825AA3A800005D68D /* AccColor+CoreDataProperties.swift */; };
		A07B757925AA40300005D68D /* AddAccentColorView.swift in Sources */ = {isa = PBXBuildFile; fileRef = A07B757825AA40300005D68D /* AddAccentColorView.swift */; };
		A0A91AFA2597CAAE0039E1A0 /* AddBackgroundView.swift in Sources */ = {isa = PBXBuildFile; fileRef = A0A91AF92597CAAE0039E1A0 /* AddBackgroundView.swift */; };
		A0A91AFE2597CB680039E1A0 /* Background+CoreDataClass.swift in Sources */ = {isa = PBXBuildFile; fileRef = A0A91AFC2597CB680039E1A0 /* Background+CoreDataClass.swift */; };
		A0A91AFF2597CB680039E1A0 /* Background+CoreDataProperties.swift in Sources */ = {isa = PBXBuildFile; fileRef = A0A91AFD2597CB680039E1A0 /* Background+CoreDataProperties.swift */; };
		A0C247FE2594EF3D001F9C51 /* VisualEffectView.swift in Sources */ = {isa = PBXBuildFile; fileRef = A0C247FD2594EF3D001F9C51 /* VisualEffectView.swift */; };
		A0C248092594F029001F9C51 /* BaseView.swift in Sources */ = {isa = PBXBuildFile; fileRef = A0C248082594F029001F9C51 /* BaseView.swift */; };
		A0C25EA525A533A60070EDF1 /* ClassicGridWidget.swift in Sources */ = {isa = PBXBuildFile; fileRef = A0C25EA425A533A60070EDF1 /* ClassicGridWidget.swift */; };
		A0C25EA625A533A60070EDF1 /* ClassicGridWidget.swift in Sources */ = {isa = PBXBuildFile; fileRef = A0C25EA425A533A60070EDF1 /* ClassicGridWidget.swift */; };
		A0CA6881258E570B009847DF /* GithubContributionsApp.swift in Sources */ = {isa = PBXBuildFile; fileRef = A0CA6880258E570B009847DF /* GithubContributionsApp.swift */; };
		A0CA6883258E570B009847DF /* ContentView.swift in Sources */ = {isa = PBXBuildFile; fileRef = A0CA6882258E570B009847DF /* ContentView.swift */; };
		A0CA6885258E570E009847DF /* Assets.xcassets in Resources */ = {isa = PBXBuildFile; fileRef = A0CA6884258E570E009847DF /* Assets.xcassets */; };
		A0CA6888258E570E009847DF /* Preview Assets.xcassets in Resources */ = {isa = PBXBuildFile; fileRef = A0CA6887258E570E009847DF /* Preview Assets.xcassets */; };
		A0CA688A258E570E009847DF /* Persistence.swift in Sources */ = {isa = PBXBuildFile; fileRef = A0CA6889258E570E009847DF /* Persistence.swift */; };
		A0CA68A0258E5E2F009847DF /* Contribution.swift in Sources */ = {isa = PBXBuildFile; fileRef = A0CA689F258E5E2F009847DF /* Contribution.swift */; };
		A0CA68A4258E8C41009847DF /* Apollo in Frameworks */ = {isa = PBXBuildFile; productRef = A0CA68A3258E8C41009847DF /* Apollo */; };
		A0CA68A7258E8D92009847DF /* schema.json in Resources */ = {isa = PBXBuildFile; fileRef = A0CA68A6258E8D92009847DF /* schema.json */; };
		A0CA68AD258E8EE6009847DF /* Queries.graphql in Resources */ = {isa = PBXBuildFile; fileRef = A0CA68AC258E8EE6009847DF /* Queries.graphql */; };
		A0CA68B4258E904B009847DF /* Network.swift in Sources */ = {isa = PBXBuildFile; fileRef = A0CA68B3258E904B009847DF /* Network.swift */; };
		A0CA68B7258E94AD009847DF /* UserContributionFetcher.swift in Sources */ = {isa = PBXBuildFile; fileRef = A0CA68B6258E94AD009847DF /* UserContributionFetcher.swift */; };
		A0CA68C0258EB01B009847DF /* SquareView.swift in Sources */ = {isa = PBXBuildFile; fileRef = A0CA68BF258EB01B009847DF /* SquareView.swift */; };
		A0CA68C5258EB22C009847DF /* ColorExtension.swift in Sources */ = {isa = PBXBuildFile; fileRef = A0CA68C4258EB22C009847DF /* ColorExtension.swift */; };
		A0DA35A4258FD216009F3038 /* WidgetKit.framework in Frameworks */ = {isa = PBXBuildFile; fileRef = A0DA35A3258FD216009F3038 /* WidgetKit.framework */; };
		A0DA35A6258FD216009F3038 /* SwiftUI.framework in Frameworks */ = {isa = PBXBuildFile; fileRef = A0DA35A5258FD216009F3038 /* SwiftUI.framework */; };
		A0DA35A9258FD216009F3038 /* GithubWidgets.swift in Sources */ = {isa = PBXBuildFile; fileRef = A0DA35A8258FD216009F3038 /* GithubWidgets.swift */; };
		A0DA35AC258FD218009F3038 /* Assets.xcassets in Resources */ = {isa = PBXBuildFile; fileRef = A0DA35AB258FD218009F3038 /* Assets.xcassets */; };
		A0DA35AE258FD218009F3038 /* GithubWidgets.intentdefinition in Sources */ = {isa = PBXBuildFile; fileRef = A0DA35AA258FD216009F3038 /* GithubWidgets.intentdefinition */; };
		A0DA35AF258FD218009F3038 /* GithubWidgets.intentdefinition in Sources */ = {isa = PBXBuildFile; fileRef = A0DA35AA258FD216009F3038 /* GithubWidgets.intentdefinition */; };
		A0DA35B2258FD218009F3038 /* GithubWidgetsExtension.appex in Embed App Extensions */ = {isa = PBXBuildFile; fileRef = A0DA35A1258FD216009F3038 /* GithubWidgetsExtension.appex */; settings = {ATTRIBUTES = (RemoveHeadersOnCopy, ); }; };
		A0DA35BA258FD235009F3038 /* Network.swift in Sources */ = {isa = PBXBuildFile; fileRef = A0CA68B3258E904B009847DF /* Network.swift */; };
		A0DA35BD258FD23D009F3038 /* UserContributionFetcher.swift in Sources */ = {isa = PBXBuildFile; fileRef = A0CA68B6258E94AD009847DF /* UserContributionFetcher.swift */; };
		A0DA35C0258FD243009F3038 /* Contribution.swift in Sources */ = {isa = PBXBuildFile; fileRef = A0CA689F258E5E2F009847DF /* Contribution.swift */; };
		A0DA35C3258FD247009F3038 /* ColorExtension.swift in Sources */ = {isa = PBXBuildFile; fileRef = A0CA68C4258EB22C009847DF /* ColorExtension.swift */; };
		A0DA35C6258FD24B009F3038 /* SquareView.swift in Sources */ = {isa = PBXBuildFile; fileRef = A0CA68BF258EB01B009847DF /* SquareView.swift */; };
		A0DD0EE72593A80C00428149 /* PaletteView.swift in Sources */ = {isa = PBXBuildFile; fileRef = A0DD0EE62593A80C00428149 /* PaletteView.swift */; };
		A0DD0EEA2593AA6400428149 /* BackgroundListView.swift in Sources */ = {isa = PBXBuildFile; fileRef = A0DD0EE92593AA6400428149 /* BackgroundListView.swift */; };
		A0DD0EEF2593BEEA00428149 /* GithubContributions.xcdatamodeld in Sources */ = {isa = PBXBuildFile; fileRef = A0DD0EED2593BEEA00428149 /* GithubContributions.xcdatamodeld */; };
		A0DD0EF02593BEEA00428149 /* GithubContributions.xcdatamodeld in Sources */ = {isa = PBXBuildFile; fileRef = A0DD0EED2593BEEA00428149 /* GithubContributions.xcdatamodeld */; };
		A0DD0EF62593C0D300428149 /* CColor+CoreDataClass.swift in Sources */ = {isa = PBXBuildFile; fileRef = A0DD0EF22593C0D300428149 /* CColor+CoreDataClass.swift */; };
		A0DD0EF72593C0D300428149 /* CColor+CoreDataClass.swift in Sources */ = {isa = PBXBuildFile; fileRef = A0DD0EF22593C0D300428149 /* CColor+CoreDataClass.swift */; };
		A0DD0EF82593C0D300428149 /* CColor+CoreDataProperties.swift in Sources */ = {isa = PBXBuildFile; fileRef = A0DD0EF32593C0D300428149 /* CColor+CoreDataProperties.swift */; };
		A0DD0EF92593C0D300428149 /* CColor+CoreDataProperties.swift in Sources */ = {isa = PBXBuildFile; fileRef = A0DD0EF32593C0D300428149 /* CColor+CoreDataProperties.swift */; };
		A0DD0EFA2593C0D300428149 /* Palette+CoreDataClass.swift in Sources */ = {isa = PBXBuildFile; fileRef = A0DD0EF42593C0D300428149 /* Palette+CoreDataClass.swift */; };
		A0DD0EFB2593C0D300428149 /* Palette+CoreDataClass.swift in Sources */ = {isa = PBXBuildFile; fileRef = A0DD0EF42593C0D300428149 /* Palette+CoreDataClass.swift */; };
		A0DD0EFC2593C0D300428149 /* Palette+CoreDataProperties.swift in Sources */ = {isa = PBXBuildFile; fileRef = A0DD0EF52593C0D300428149 /* Palette+CoreDataProperties.swift */; };
		A0DD0EFD2593C0D300428149 /* Palette+CoreDataProperties.swift in Sources */ = {isa = PBXBuildFile; fileRef = A0DD0EF52593C0D300428149 /* Palette+CoreDataProperties.swift */; };
		A0E930DD25AE731F00D4EFCC /* ContributionGenerator.swift in Sources */ = {isa = PBXBuildFile; fileRef = A0E930DC25AE731F00D4EFCC /* ContributionGenerator.swift */; };
		A0F921D525A0ED1700BA66F5 /* UserInfoFetcher.swift in Sources */ = {isa = PBXBuildFile; fileRef = A0F921D425A0ED1700BA66F5 /* UserInfoFetcher.swift */; };
/* End PBXBuildFile section */

/* Begin PBXContainerItemProxy section */
		A0374D35259E4E77003D6D42 /* PBXContainerItemProxy */ = {
			isa = PBXContainerItemProxy;
			containerPortal = A0CA6875258E570B009847DF /* Project object */;
			proxyType = 1;
			remoteGlobalIDString = A0374D2D259E4E77003D6D42;
			remoteInfo = PaletteIntent;
		};
		A0DA35B0258FD218009F3038 /* PBXContainerItemProxy */ = {
			isa = PBXContainerItemProxy;
			containerPortal = A0CA6875258E570B009847DF /* Project object */;
			proxyType = 1;
			remoteGlobalIDString = A0DA35A0258FD216009F3038;
			remoteInfo = GithubWidgetsExtension;
		};
/* End PBXContainerItemProxy section */

/* Begin PBXCopyFilesBuildPhase section */
		A01682282591710B008925B6 /* Embed Frameworks */ = {
			isa = PBXCopyFilesBuildPhase;
			buildActionMask = 2147483647;
			dstPath = "";
			dstSubfolderSpec = 10;
			files = (
			);
			name = "Embed Frameworks";
			runOnlyForDeploymentPostprocessing = 0;
		};
		A0DA35B3258FD218009F3038 /* Embed App Extensions */ = {
			isa = PBXCopyFilesBuildPhase;
			buildActionMask = 2147483647;
			dstPath = "";
			dstSubfolderSpec = 13;
			files = (
				A0374D37259E4E77003D6D42 /* PaletteIntent.appex in Embed App Extensions */,
				A0DA35B2258FD218009F3038 /* GithubWidgetsExtension.appex in Embed App Extensions */,
			);
			name = "Embed App Extensions";
			runOnlyForDeploymentPostprocessing = 0;
		};
/* End PBXCopyFilesBuildPhase section */

/* Begin PBXFileReference section */
		A016820C25916BC3008925B6 /* AuthManager.swift */ = {isa = PBXFileReference; lastKnownFileType = sourcecode.swift; path = AuthManager.swift; sourceTree = "<group>"; };
		A034F5332597E345003999A1 /* ImagePickerView.swift */ = {isa = PBXFileReference; lastKnownFileType = sourcecode.swift; path = ImagePickerView.swift; sourceTree = "<group>"; };
		A0374D2E259E4E77003D6D42 /* PaletteIntent.appex */ = {isa = PBXFileReference; explicitFileType = "wrapper.app-extension"; includeInIndex = 0; path = PaletteIntent.appex; sourceTree = BUILT_PRODUCTS_DIR; };
		A0374D2F259E4E77003D6D42 /* Intents.framework */ = {isa = PBXFileReference; lastKnownFileType = wrapper.framework; name = Intents.framework; path = System/Library/Frameworks/Intents.framework; sourceTree = SDKROOT; };
		A0374D32259E4E77003D6D42 /* IntentHandler.swift */ = {isa = PBXFileReference; lastKnownFileType = sourcecode.swift; path = IntentHandler.swift; sourceTree = "<group>"; };
		A0374D34259E4E77003D6D42 /* Info.plist */ = {isa = PBXFileReference; lastKnownFileType = text.plist.xml; path = Info.plist; sourceTree = "<group>"; };
		A0374D40259E4F01003D6D42 /* CoreDataFetcher.swift */ = {isa = PBXFileReference; lastKnownFileType = sourcecode.swift; path = CoreDataFetcher.swift; sourceTree = "<group>"; };
		A0374D58259E5862003D6D42 /* URLExtension.swift */ = {isa = PBXFileReference; lastKnownFileType = sourcecode.swift; path = URLExtension.swift; sourceTree = "<group>"; };
		A0374D68259E5CE5003D6D42 /* PaletteIntent.entitlements */ = {isa = PBXFileReference; lastKnownFileType = text.plist.entitlements; path = PaletteIntent.entitlements; sourceTree = "<group>"; };
		A0385C7D2593A55E00FA0369 /* ColorPaletteSwabView.swift */ = {isa = PBXFileReference; lastKnownFileType = sourcecode.swift; path = ColorPaletteSwabView.swift; sourceTree = "<group>"; };
		A051032E258FE60700E2CC60 /* GithubContributions.entitlements */ = {isa = PBXFileReference; lastKnownFileType = text.plist.entitlements; path = GithubContributions.entitlements; sourceTree = "<group>"; };
		A0510331258FE61100E2CC60 /* GithubWidgetsExtension.entitlements */ = {isa = PBXFileReference; lastKnownFileType = text.plist.entitlements; path = GithubWidgetsExtension.entitlements; sourceTree = "<group>"; };
		A051033D258FEAD900E2CC60 /* UserDataFetcher.swift */ = {isa = PBXFileReference; lastKnownFileType = sourcecode.swift; path = UserDataFetcher.swift; sourceTree = "<group>"; };
		A05DF8CA25917C9400C1A0F3 /* API.swift */ = {isa = PBXFileReference; fileEncoding = 4; lastKnownFileType = sourcecode.swift; name = API.swift; path = GithubContributions/API.swift; sourceTree = SOURCE_ROOT; };
		A06A78F0259A4640004431F2 /* NewAddColorPaletteView.swift */ = {isa = PBXFileReference; lastKnownFileType = sourcecode.swift; path = NewAddColorPaletteView.swift; sourceTree = "<group>"; };
		A06E68E3259A63FF001E6E09 /* CalendarWidget.swift */ = {isa = PBXFileReference; lastKnownFileType = sourcecode.swift; path = CalendarWidget.swift; sourceTree = "<group>"; };
		A07B754B25AA18140005D68D /* NormalGithubWidget.swift */ = {isa = PBXFileReference; lastKnownFileType = sourcecode.swift; path = NormalGithubWidget.swift; sourceTree = "<group>"; };
		A07B755525AA2AB30005D68D /* AccentColorGridView.swift */ = {isa = PBXFileReference; lastKnownFileType = sourcecode.swift; path = AccentColorGridView.swift; sourceTree = "<group>"; };
		A07B756725AA3A800005D68D /* AccColor+CoreDataClass.swift */ = {isa = PBXFileReference; lastKnownFileType = sourcecode.swift; path = "AccColor+CoreDataClass.swift"; sourceTree = "<group>"; };
		A07B756825AA3A800005D68D /* AccColor+CoreDataProperties.swift */ = {isa = PBXFileReference; lastKnownFileType = sourcecode.swift; path = "AccColor+CoreDataProperties.swift"; sourceTree = "<group>"; };
		A07B757825AA40300005D68D /* AddAccentColorView.swift */ = {isa = PBXFileReference; lastKnownFileType = sourcecode.swift; path = AddAccentColorView.swift; sourceTree = "<group>"; };
		A0A91AF92597CAAE0039E1A0 /* AddBackgroundView.swift */ = {isa = PBXFileReference; lastKnownFileType = sourcecode.swift; path = AddBackgroundView.swift; sourceTree = "<group>"; };
		A0A91AFC2597CB680039E1A0 /* Background+CoreDataClass.swift */ = {isa = PBXFileReference; lastKnownFileType = sourcecode.swift; path = "Background+CoreDataClass.swift"; sourceTree = "<group>"; };
		A0A91AFD2597CB680039E1A0 /* Background+CoreDataProperties.swift */ = {isa = PBXFileReference; lastKnownFileType = sourcecode.swift; path = "Background+CoreDataProperties.swift"; sourceTree = "<group>"; };
		A0C247FD2594EF3D001F9C51 /* VisualEffectView.swift */ = {isa = PBXFileReference; fileEncoding = 4; lastKnownFileType = sourcecode.swift; path = VisualEffectView.swift; sourceTree = "<group>"; };
		A0C248082594F029001F9C51 /* BaseView.swift */ = {isa = PBXFileReference; lastKnownFileType = sourcecode.swift; path = BaseView.swift; sourceTree = "<group>"; };
		A0C25EA425A533A60070EDF1 /* ClassicGridWidget.swift */ = {isa = PBXFileReference; lastKnownFileType = sourcecode.swift; path = ClassicGridWidget.swift; sourceTree = "<group>"; };
		A0CA687D258E570B009847DF /* GithubContributions.app */ = {isa = PBXFileReference; explicitFileType = wrapper.application; includeInIndex = 0; path = GithubContributions.app; sourceTree = BUILT_PRODUCTS_DIR; };
		A0CA6880258E570B009847DF /* GithubContributionsApp.swift */ = {isa = PBXFileReference; lastKnownFileType = sourcecode.swift; path = GithubContributionsApp.swift; sourceTree = "<group>"; };
		A0CA6882258E570B009847DF /* ContentView.swift */ = {isa = PBXFileReference; lastKnownFileType = sourcecode.swift; path = ContentView.swift; sourceTree = "<group>"; };
		A0CA6884258E570E009847DF /* Assets.xcassets */ = {isa = PBXFileReference; lastKnownFileType = folder.assetcatalog; path = Assets.xcassets; sourceTree = "<group>"; };
		A0CA6887258E570E009847DF /* Preview Assets.xcassets */ = {isa = PBXFileReference; lastKnownFileType = folder.assetcatalog; path = "Preview Assets.xcassets"; sourceTree = "<group>"; };
		A0CA6889258E570E009847DF /* Persistence.swift */ = {isa = PBXFileReference; lastKnownFileType = sourcecode.swift; path = Persistence.swift; sourceTree = "<group>"; };
		A0CA688E258E570E009847DF /* Info.plist */ = {isa = PBXFileReference; lastKnownFileType = text.plist.xml; path = Info.plist; sourceTree = "<group>"; };
		A0CA689F258E5E2F009847DF /* Contribution.swift */ = {isa = PBXFileReference; lastKnownFileType = sourcecode.swift; path = Contribution.swift; sourceTree = "<group>"; };
		A0CA68A6258E8D92009847DF /* schema.json */ = {isa = PBXFileReference; fileEncoding = 4; lastKnownFileType = text.json; path = schema.json; sourceTree = "<group>"; };
		A0CA68AC258E8EE6009847DF /* Queries.graphql */ = {isa = PBXFileReference; lastKnownFileType = text; path = Queries.graphql; sourceTree = "<group>"; };
		A0CA68B3258E904B009847DF /* Network.swift */ = {isa = PBXFileReference; lastKnownFileType = sourcecode.swift; path = Network.swift; sourceTree = "<group>"; };
		A0CA68B6258E94AD009847DF /* UserContributionFetcher.swift */ = {isa = PBXFileReference; lastKnownFileType = sourcecode.swift; path = UserContributionFetcher.swift; sourceTree = "<group>"; };
		A0CA68BF258EB01B009847DF /* SquareView.swift */ = {isa = PBXFileReference; lastKnownFileType = sourcecode.swift; path = SquareView.swift; sourceTree = "<group>"; };
		A0CA68C4258EB22C009847DF /* ColorExtension.swift */ = {isa = PBXFileReference; lastKnownFileType = sourcecode.swift; path = ColorExtension.swift; sourceTree = "<group>"; };
		A0DA35A1258FD216009F3038 /* GithubWidgetsExtension.appex */ = {isa = PBXFileReference; explicitFileType = "wrapper.app-extension"; includeInIndex = 0; path = GithubWidgetsExtension.appex; sourceTree = BUILT_PRODUCTS_DIR; };
		A0DA35A3258FD216009F3038 /* WidgetKit.framework */ = {isa = PBXFileReference; lastKnownFileType = wrapper.framework; name = WidgetKit.framework; path = System/Library/Frameworks/WidgetKit.framework; sourceTree = SDKROOT; };
		A0DA35A5258FD216009F3038 /* SwiftUI.framework */ = {isa = PBXFileReference; lastKnownFileType = wrapper.framework; name = SwiftUI.framework; path = System/Library/Frameworks/SwiftUI.framework; sourceTree = SDKROOT; };
		A0DA35A8258FD216009F3038 /* GithubWidgets.swift */ = {isa = PBXFileReference; lastKnownFileType = sourcecode.swift; path = GithubWidgets.swift; sourceTree = "<group>"; };
		A0DA35AA258FD216009F3038 /* GithubWidgets.intentdefinition */ = {isa = PBXFileReference; lastKnownFileType = file.intentdefinition; path = GithubWidgets.intentdefinition; sourceTree = "<group>"; };
		A0DA35AB258FD218009F3038 /* Assets.xcassets */ = {isa = PBXFileReference; lastKnownFileType = folder.assetcatalog; path = Assets.xcassets; sourceTree = "<group>"; };
		A0DA35AD258FD218009F3038 /* Info.plist */ = {isa = PBXFileReference; lastKnownFileType = text.plist.xml; path = Info.plist; sourceTree = "<group>"; };
		A0DD0EE62593A80C00428149 /* PaletteView.swift */ = {isa = PBXFileReference; lastKnownFileType = sourcecode.swift; path = PaletteView.swift; sourceTree = "<group>"; };
		A0DD0EE92593AA6400428149 /* BackgroundListView.swift */ = {isa = PBXFileReference; lastKnownFileType = sourcecode.swift; path = BackgroundListView.swift; sourceTree = "<group>"; };
		A0DD0EEE2593BEEA00428149 /* GithubContributions.xcdatamodel */ = {isa = PBXFileReference; lastKnownFileType = wrapper.xcdatamodel; path = GithubContributions.xcdatamodel; sourceTree = "<group>"; };
		A0DD0EF22593C0D300428149 /* CColor+CoreDataClass.swift */ = {isa = PBXFileReference; lastKnownFileType = sourcecode.swift; path = "CColor+CoreDataClass.swift"; sourceTree = SOURCE_ROOT; };
		A0DD0EF32593C0D300428149 /* CColor+CoreDataProperties.swift */ = {isa = PBXFileReference; lastKnownFileType = sourcecode.swift; path = "CColor+CoreDataProperties.swift"; sourceTree = SOURCE_ROOT; };
		A0DD0EF42593C0D300428149 /* Palette+CoreDataClass.swift */ = {isa = PBXFileReference; lastKnownFileType = sourcecode.swift; path = "Palette+CoreDataClass.swift"; sourceTree = SOURCE_ROOT; };
		A0DD0EF52593C0D300428149 /* Palette+CoreDataProperties.swift */ = {isa = PBXFileReference; lastKnownFileType = sourcecode.swift; path = "Palette+CoreDataProperties.swift"; sourceTree = SOURCE_ROOT; };
		A0E930DC25AE731F00D4EFCC /* ContributionGenerator.swift */ = {isa = PBXFileReference; lastKnownFileType = sourcecode.swift; path = ContributionGenerator.swift; sourceTree = "<group>"; };
		A0F921D425A0ED1700BA66F5 /* UserInfoFetcher.swift */ = {isa = PBXFileReference; lastKnownFileType = sourcecode.swift; path = UserInfoFetcher.swift; sourceTree = "<group>"; };
/* End PBXFileReference section */

/* Begin PBXFrameworksBuildPhase section */
		A0374D2B259E4E77003D6D42 /* Frameworks */ = {
			isa = PBXFrameworksBuildPhase;
			buildActionMask = 2147483647;
			files = (
				A0374D30259E4E77003D6D42 /* Intents.framework in Frameworks */,
			);
			runOnlyForDeploymentPostprocessing = 0;
		};
		A0CA687A258E570B009847DF /* Frameworks */ = {
			isa = PBXFrameworksBuildPhase;
			buildActionMask = 2147483647;
			files = (
				A051034B25901E3E00E2CC60 /* Kingfisher in Frameworks */,
				A0510343258FF6A400E2CC60 /* BetterSafariView in Frameworks */,
				A0CA68A4258E8C41009847DF /* Apollo in Frameworks */,
				A051034D25901E3E00E2CC60 /* KingfisherSwiftUI in Frameworks */,
			);
			runOnlyForDeploymentPostprocessing = 0;
		};
		A0DA359E258FD216009F3038 /* Frameworks */ = {
			isa = PBXFrameworksBuildPhase;
			buildActionMask = 2147483647;
			files = (
				A051035125901E4C00E2CC60 /* Kingfisher in Frameworks */,
				A0DA35A6258FD216009F3038 /* SwiftUI.framework in Frameworks */,
				A051033A258FE6DC00E2CC60 /* Apollo in Frameworks */,
				A0DA35A4258FD216009F3038 /* WidgetKit.framework in Frameworks */,
				A051035325901E5500E2CC60 /* KingfisherSwiftUI in Frameworks */,
			);
			runOnlyForDeploymentPostprocessing = 0;
		};
/* End PBXFrameworksBuildPhase section */

/* Begin PBXGroup section */
		A0374D31259E4E77003D6D42 /* PaletteIntent */ = {
			isa = PBXGroup;
			children = (
				A0374D68259E5CE5003D6D42 /* PaletteIntent.entitlements */,
				A0374D32259E4E77003D6D42 /* IntentHandler.swift */,
				A0374D34259E4E77003D6D42 /* Info.plist */,
			);
			path = PaletteIntent;
			sourceTree = "<group>";
		};
		A0510346258FF6C400E2CC60 /* Widgets */ = {
			isa = PBXGroup;
			children = (
				A07B754B25AA18140005D68D /* NormalGithubWidget.swift */,
			);
			path = Widgets;
			sourceTree = "<group>";
		};
		A06E68E2259A60DB001E6E09 /* Shared */ = {
			isa = PBXGroup;
			children = (
				A06E68E3259A63FF001E6E09 /* CalendarWidget.swift */,
				A0374D58259E5862003D6D42 /* URLExtension.swift */,
				A0C25EA425A533A60070EDF1 /* ClassicGridWidget.swift */,
			);
			path = Shared;
			sourceTree = "<group>";
		};
		A07B757325AA3F8E0005D68D /* Palette */ = {
			isa = PBXGroup;
			children = (
				A06A78F0259A4640004431F2 /* NewAddColorPaletteView.swift */,
				A0DD0EE62593A80C00428149 /* PaletteView.swift */,
				A0385C7D2593A55E00FA0369 /* ColorPaletteSwabView.swift */,
			);
			path = Palette;
			sourceTree = "<group>";
		};
		A07B757425AA3F9F0005D68D /* Background */ = {
			isa = PBXGroup;
			children = (
				A0A91AF92597CAAE0039E1A0 /* AddBackgroundView.swift */,
				A0DD0EE92593AA6400428149 /* BackgroundListView.swift */,
			);
			path = Background;
			sourceTree = "<group>";
		};
		A07B757525AA3FC70005D68D /* Accent Color */ = {
			isa = PBXGroup;
			children = (
				A07B755525AA2AB30005D68D /* AccentColorGridView.swift */,
				A07B757825AA40300005D68D /* AddAccentColorView.swift */,
			);
			path = "Accent Color";
			sourceTree = "<group>";
		};
		A0C248002594EF72001F9C51 /* Util */ = {
			isa = PBXGroup;
			children = (
				A0C247FD2594EF3D001F9C51 /* VisualEffectView.swift */,
				A034F5332597E345003999A1 /* ImagePickerView.swift */,
			);
			path = Util;
			sourceTree = "<group>";
		};
		A0CA6874258E570B009847DF = {
			isa = PBXGroup;
			children = (
				A0510331258FE61100E2CC60 /* GithubWidgetsExtension.entitlements */,
				A0CA687F258E570B009847DF /* GithubContributions */,
				A06E68E2259A60DB001E6E09 /* Shared */,
				A0DA35A7258FD216009F3038 /* GithubWidgets */,
				A0374D31259E4E77003D6D42 /* PaletteIntent */,
				A0DA35A2258FD216009F3038 /* Frameworks */,
				A0CA687E258E570B009847DF /* Products */,
			);
			sourceTree = "<group>";
		};
		A0CA687E258E570B009847DF /* Products */ = {
			isa = PBXGroup;
			children = (
				A0CA687D258E570B009847DF /* GithubContributions.app */,
				A0DA35A1258FD216009F3038 /* GithubWidgetsExtension.appex */,
				A0374D2E259E4E77003D6D42 /* PaletteIntent.appex */,
			);
			name = Products;
			sourceTree = "<group>";
		};
		A0CA687F258E570B009847DF /* GithubContributions */ = {
			isa = PBXGroup;
			children = (
				A07B756725AA3A800005D68D /* AccColor+CoreDataClass.swift */,
				A07B756825AA3A800005D68D /* AccColor+CoreDataProperties.swift */,
				A0A91AFC2597CB680039E1A0 /* Background+CoreDataClass.swift */,
				A0A91AFD2597CB680039E1A0 /* Background+CoreDataProperties.swift */,
				A0DD0EF22593C0D300428149 /* CColor+CoreDataClass.swift */,
				A0DD0EF32593C0D300428149 /* CColor+CoreDataProperties.swift */,
				A0DD0EF42593C0D300428149 /* Palette+CoreDataClass.swift */,
				A0DD0EF52593C0D300428149 /* Palette+CoreDataProperties.swift */,
				A0CA68BE258EB00A009847DF /* Views */,
				A0CA68BA258EAFE0009847DF /* GraphQL */,
				A0CA68AB258E8EB6009847DF /* Queries */,
				A0CA689A258E5814009847DF /* ViewModel */,
				A0CA6899258E5810009847DF /* Model */,
				A0CA6880258E570B009847DF /* GithubContributionsApp.swift */,
				A0CA68C4258EB22C009847DF /* ColorExtension.swift */,
				A0DD0EED2593BEEA00428149 /* GithubContributions.xcdatamodeld */,
				A0CA6884258E570E009847DF /* Assets.xcassets */,
				A0CA68A6258E8D92009847DF /* schema.json */,
				A0CA688E258E570E009847DF /* Info.plist */,
				A051032E258FE60700E2CC60 /* GithubContributions.entitlements */,
				A0CA6886258E570E009847DF /* Preview Content */,
			);
			path = GithubContributions;
			sourceTree = "<group>";
		};
		A0CA6886258E570E009847DF /* Preview Content */ = {
			isa = PBXGroup;
			children = (
				A0CA6887258E570E009847DF /* Preview Assets.xcassets */,
			);
			path = "Preview Content";
			sourceTree = "<group>";
		};
		A0CA6899258E5810009847DF /* Model */ = {
			isa = PBXGroup;
			children = (
				A0CA689F258E5E2F009847DF /* Contribution.swift */,
			);
			path = Model;
			sourceTree = "<group>";
		};
		A0CA689A258E5814009847DF /* ViewModel */ = {
			isa = PBXGroup;
			children = (
				A0CA6889258E570E009847DF /* Persistence.swift */,
				A0CA68B6258E94AD009847DF /* UserContributionFetcher.swift */,
				A016820C25916BC3008925B6 /* AuthManager.swift */,
				A0E930DC25AE731F00D4EFCC /* ContributionGenerator.swift */,
			);
			path = ViewModel;
			sourceTree = "<group>";
		};
		A0CA68AB258E8EB6009847DF /* Queries */ = {
			isa = PBXGroup;
			children = (
				A0CA68AC258E8EE6009847DF /* Queries.graphql */,
			);
			path = Queries;
			sourceTree = "<group>";
		};
		A0CA68BA258EAFE0009847DF /* GraphQL */ = {
			isa = PBXGroup;
			children = (
				A05DF8CA25917C9400C1A0F3 /* API.swift */,
				A0CA68B3258E904B009847DF /* Network.swift */,
			);
			path = GraphQL;
			sourceTree = "<group>";
		};
		A0CA68BE258EB00A009847DF /* Views */ = {
			isa = PBXGroup;
			children = (
				A07B757525AA3FC70005D68D /* Accent Color */,
				A07B757425AA3F9F0005D68D /* Background */,
				A07B757325AA3F8E0005D68D /* Palette */,
				A0C248002594EF72001F9C51 /* Util */,
				A0CA6882258E570B009847DF /* ContentView.swift */,
				A0CA68BF258EB01B009847DF /* SquareView.swift */,
				A0C248082594F029001F9C51 /* BaseView.swift */,
			);
			path = Views;
			sourceTree = "<group>";
		};
		A0DA35A2258FD216009F3038 /* Frameworks */ = {
			isa = PBXGroup;
			children = (
				A0DA35A3258FD216009F3038 /* WidgetKit.framework */,
				A0DA35A5258FD216009F3038 /* SwiftUI.framework */,
				A0374D2F259E4E77003D6D42 /* Intents.framework */,
			);
			name = Frameworks;
			sourceTree = "<group>";
		};
		A0DA35A7258FD216009F3038 /* GithubWidgets */ = {
			isa = PBXGroup;
			children = (
				A0510346258FF6C400E2CC60 /* Widgets */,
				A0DA35A8258FD216009F3038 /* GithubWidgets.swift */,
				A0DA35AA258FD216009F3038 /* GithubWidgets.intentdefinition */,
				A0DA35AB258FD218009F3038 /* Assets.xcassets */,
				A0DA35AD258FD218009F3038 /* Info.plist */,
				A051033D258FEAD900E2CC60 /* UserDataFetcher.swift */,
				A0374D40259E4F01003D6D42 /* CoreDataFetcher.swift */,
				A0F921D425A0ED1700BA66F5 /* UserInfoFetcher.swift */,
			);
			path = GithubWidgets;
			sourceTree = "<group>";
		};
/* End PBXGroup section */

/* Begin PBXNativeTarget section */
		A0374D2D259E4E77003D6D42 /* PaletteIntent */ = {
			isa = PBXNativeTarget;
			buildConfigurationList = A0374D38259E4E77003D6D42 /* Build configuration list for PBXNativeTarget "PaletteIntent" */;
			buildPhases = (
				A0374D2A259E4E77003D6D42 /* Sources */,
				A0374D2B259E4E77003D6D42 /* Frameworks */,
				A0374D2C259E4E77003D6D42 /* Resources */,
			);
			buildRules = (
			);
			dependencies = (
			);
			name = PaletteIntent;
			productName = PaletteIntent;
			productReference = A0374D2E259E4E77003D6D42 /* PaletteIntent.appex */;
			productType = "com.apple.product-type.app-extension";
		};
		A0CA687C258E570B009847DF /* GithubContributions */ = {
			isa = PBXNativeTarget;
			buildConfigurationList = A0CA6891258E570E009847DF /* Build configuration list for PBXNativeTarget "GithubContributions" */;
			buildPhases = (
				A0CA68AA258E8E5E009847DF /* Generate Apollo GraphQL API */,
				A0CA6879258E570B009847DF /* Sources */,
				A0CA687A258E570B009847DF /* Frameworks */,
				A0CA687B258E570B009847DF /* Resources */,
				A0DA35B3258FD218009F3038 /* Embed App Extensions */,
				A01682282591710B008925B6 /* Embed Frameworks */,
			);
			buildRules = (
			);
			dependencies = (
				A0DA35B1258FD218009F3038 /* PBXTargetDependency */,
				A0374D36259E4E77003D6D42 /* PBXTargetDependency */,
			);
			name = GithubContributions;
			packageProductDependencies = (
				A0CA68A3258E8C41009847DF /* Apollo */,
				A0510342258FF6A400E2CC60 /* BetterSafariView */,
				A051034A25901E3E00E2CC60 /* Kingfisher */,
				A051034C25901E3E00E2CC60 /* KingfisherSwiftUI */,
			);
			productName = GithubContributions;
			productReference = A0CA687D258E570B009847DF /* GithubContributions.app */;
			productType = "com.apple.product-type.application";
		};
		A0DA35A0258FD216009F3038 /* GithubWidgetsExtension */ = {
			isa = PBXNativeTarget;
			buildConfigurationList = A0DA35B6258FD218009F3038 /* Build configuration list for PBXNativeTarget "GithubWidgetsExtension" */;
			buildPhases = (
				A0DA359D258FD216009F3038 /* Sources */,
				A0DA359E258FD216009F3038 /* Frameworks */,
				A0DA359F258FD216009F3038 /* Resources */,
			);
			buildRules = (
			);
			dependencies = (
			);
			name = GithubWidgetsExtension;
			packageProductDependencies = (
				A0510339258FE6DC00E2CC60 /* Apollo */,
				A051035025901E4C00E2CC60 /* Kingfisher */,
				A051035225901E5500E2CC60 /* KingfisherSwiftUI */,
			);
			productName = GithubWidgetsExtension;
			productReference = A0DA35A1258FD216009F3038 /* GithubWidgetsExtension.appex */;
			productType = "com.apple.product-type.app-extension";
		};
/* End PBXNativeTarget section */

/* Begin PBXProject section */
		A0CA6875258E570B009847DF /* Project object */ = {
			isa = PBXProject;
			attributes = {
				LastSwiftUpdateCheck = 1230;
				LastUpgradeCheck = 1220;
				TargetAttributes = {
					A0374D2D259E4E77003D6D42 = {
						CreatedOnToolsVersion = 12.3;
					};
					A0CA687C258E570B009847DF = {
						CreatedOnToolsVersion = 12.2;
					};
					A0DA35A0258FD216009F3038 = {
						CreatedOnToolsVersion = 12.2;
					};
				};
			};
			buildConfigurationList = A0CA6878258E570B009847DF /* Build configuration list for PBXProject "GithubContributions" */;
			compatibilityVersion = "Xcode 9.3";
			developmentRegion = en;
			hasScannedForEncodings = 0;
			knownRegions = (
				en,
				Base,
			);
			mainGroup = A0CA6874258E570B009847DF;
			packageReferences = (
				A0CA68A2258E8C41009847DF /* XCRemoteSwiftPackageReference "apollo-ios" */,
				A0510341258FF6A300E2CC60 /* XCRemoteSwiftPackageReference "BetterSafariView" */,
				A051034925901E3D00E2CC60 /* XCRemoteSwiftPackageReference "Kingfisher" */,
			);
			productRefGroup = A0CA687E258E570B009847DF /* Products */;
			projectDirPath = "";
			projectRoot = "";
			targets = (
				A0CA687C258E570B009847DF /* GithubContributions */,
				A0DA35A0258FD216009F3038 /* GithubWidgetsExtension */,
				A0374D2D259E4E77003D6D42 /* PaletteIntent */,
			);
		};
/* End PBXProject section */

/* Begin PBXResourcesBuildPhase section */
		A0374D2C259E4E77003D6D42 /* Resources */ = {
			isa = PBXResourcesBuildPhase;
			buildActionMask = 2147483647;
			files = (
			);
			runOnlyForDeploymentPostprocessing = 0;
		};
		A0CA687B258E570B009847DF /* Resources */ = {
			isa = PBXResourcesBuildPhase;
			buildActionMask = 2147483647;
			files = (
				A0CA6888258E570E009847DF /* Preview Assets.xcassets in Resources */,
				A0CA68A7258E8D92009847DF /* schema.json in Resources */,
				A0CA68AD258E8EE6009847DF /* Queries.graphql in Resources */,
				A0CA6885258E570E009847DF /* Assets.xcassets in Resources */,
			);
			runOnlyForDeploymentPostprocessing = 0;
		};
		A0DA359F258FD216009F3038 /* Resources */ = {
			isa = PBXResourcesBuildPhase;
			buildActionMask = 2147483647;
			files = (
				A0DA35AC258FD218009F3038 /* Assets.xcassets in Resources */,
			);
			runOnlyForDeploymentPostprocessing = 0;
		};
/* End PBXResourcesBuildPhase section */

/* Begin PBXShellScriptBuildPhase section */
		A0CA68AA258E8E5E009847DF /* Generate Apollo GraphQL API */ = {
			isa = PBXShellScriptBuildPhase;
			buildActionMask = 2147483647;
			files = (
			);
			inputFileListPaths = (
			);
			inputPaths = (
			);
			name = "Generate Apollo GraphQL API";
			outputFileListPaths = (
			);
			outputPaths = (
			);
			runOnlyForDeploymentPostprocessing = 0;
			shellPath = /bin/sh;
			shellScript = "# Go to the build root and search up the chain to find the Derived Data Path where the source packages are checked out.\nDERIVED_DATA_CANDIDATE=\"${BUILD_ROOT}\"\n\nwhile ! [ -d \"${DERIVED_DATA_CANDIDATE}/SourcePackages\" ]; do\n  if [ \"${DERIVED_DATA_CANDIDATE}\" = / ]; then\n    echo >&2 \"error: Unable to locate SourcePackages directory from BUILD_ROOT: '${BUILD_ROOT}'\"\n    exit 1\n  fi\n\n  DERIVED_DATA_CANDIDATE=\"$(dirname \"${DERIVED_DATA_CANDIDATE}\")\"\ndone\n\n# Grab a reference to the directory where scripts are checked out\nSCRIPT_PATH=\"${DERIVED_DATA_CANDIDATE}/SourcePackages/checkouts/apollo-ios/scripts\"\n\nif [ -z \"${SCRIPT_PATH}\" ]; then\n    echo >&2 \"error: Couldn't find the CLI script in your checked out SPM packages; make sure to add the framework to your project.\"\n    exit 1\nfi\n\ncd \"${SRCROOT}/${TARGET_NAME}\"\n\"${SCRIPT_PATH}\"/run-bundled-codegen.sh codegen:generate --target=swift --includes=./**/*.graphql --localSchemaFile=\"schema.json\" API.swift\n\n";
		};
/* End PBXShellScriptBuildPhase section */

/* Begin PBXSourcesBuildPhase section */
		A0374D2A259E4E77003D6D42 /* Sources */ = {
			isa = PBXSourcesBuildPhase;
			buildActionMask = 2147483647;
			files = (
				A0374D4D259E5121003D6D42 /* Background+CoreDataProperties.swift in Sources */,
				A0374D42259E4F01003D6D42 /* CoreDataFetcher.swift in Sources */,
				A0374D6B259E5DFD003D6D42 /* GithubContributions.xcdatamodeld in Sources */,
				A0374D4E259E5121003D6D42 /* Palette+CoreDataProperties.swift in Sources */,
				A0374D4A259E5121003D6D42 /* Palette+CoreDataClass.swift in Sources */,
				A07B756B25AA3A800005D68D /* AccColor+CoreDataClass.swift in Sources */,
				A0374D45259E4FE6003D6D42 /* GithubWidgets.intentdefinition in Sources */,
				A0374D5B259E5862003D6D42 /* URLExtension.swift in Sources */,
				A0374D4C259E5121003D6D42 /* Background+CoreDataClass.swift in Sources */,
				A0374D4F259E5121003D6D42 /* CColor+CoreDataClass.swift in Sources */,
				A0374D4B259E5121003D6D42 /* CColor+CoreDataProperties.swift in Sources */,
				A0374D33259E4E77003D6D42 /* IntentHandler.swift in Sources */,
				A07B756E25AA3A800005D68D /* AccColor+CoreDataProperties.swift in Sources */,
			);
			runOnlyForDeploymentPostprocessing = 0;
		};
		A0CA6879258E570B009847DF /* Sources */ = {
			isa = PBXSourcesBuildPhase;
			buildActionMask = 2147483647;
			files = (
				A0DA35AF258FD218009F3038 /* GithubWidgets.intentdefinition in Sources */,
				A0374D59259E5862003D6D42 /* URLExtension.swift in Sources */,
				A016820D25916BC3008925B6 /* AuthManager.swift in Sources */,
				A0DD0EEF2593BEEA00428149 /* GithubContributions.xcdatamodeld in Sources */,
				A07B755625AA2AB30005D68D /* AccentColorGridView.swift in Sources */,
				A0CA68C0258EB01B009847DF /* SquareView.swift in Sources */,
				A0CA68B4258E904B009847DF /* Network.swift in Sources */,
				A06E68E4259A63FF001E6E09 /* CalendarWidget.swift in Sources */,
				A0C247FE2594EF3D001F9C51 /* VisualEffectView.swift in Sources */,
				A0A91AFA2597CAAE0039E1A0 /* AddBackgroundView.swift in Sources */,
				A0CA688A258E570E009847DF /* Persistence.swift in Sources */,
				A0E930DD25AE731F00D4EFCC /* ContributionGenerator.swift in Sources */,
				A0385C7E2593A55E00FA0369 /* ColorPaletteSwabView.swift in Sources */,
				A0C248092594F029001F9C51 /* BaseView.swift in Sources */,
				A06A78F1259A4640004431F2 /* NewAddColorPaletteView.swift in Sources */,
				A0DD0EEA2593AA6400428149 /* BackgroundListView.swift in Sources */,
				A0CA6883258E570B009847DF /* ContentView.swift in Sources */,
				A0DD0EFA2593C0D300428149 /* Palette+CoreDataClass.swift in Sources */,
				A0CA6881258E570B009847DF /* GithubContributionsApp.swift in Sources */,
				A0DD0EFC2593C0D300428149 /* Palette+CoreDataProperties.swift in Sources */,
				A0CA68A0258E5E2F009847DF /* Contribution.swift in Sources */,
				A0A91AFE2597CB680039E1A0 /* Background+CoreDataClass.swift in Sources */,
				A0C25EA525A533A60070EDF1 /* ClassicGridWidget.swift in Sources */,
				A07B757925AA40300005D68D /* AddAccentColorView.swift in Sources */,
				A0DD0EF62593C0D300428149 /* CColor+CoreDataClass.swift in Sources */,
				A07B756C25AA3A800005D68D /* AccColor+CoreDataProperties.swift in Sources */,
				A0CA68B7258E94AD009847DF /* UserContributionFetcher.swift in Sources */,
				A05DF8CB25917C9400C1A0F3 /* API.swift in Sources */,
				A0DD0EE72593A80C00428149 /* PaletteView.swift in Sources */,
				A034F5342597E345003999A1 /* ImagePickerView.swift in Sources */,
				A0CA68C5258EB22C009847DF /* ColorExtension.swift in Sources */,
				A0DD0EF82593C0D300428149 /* CColor+CoreDataProperties.swift in Sources */,
				A07B756925AA3A800005D68D /* AccColor+CoreDataClass.swift in Sources */,
				A0A91AFF2597CB680039E1A0 /* Background+CoreDataProperties.swift in Sources */,
			);
			runOnlyForDeploymentPostprocessing = 0;
		};
		A0DA359D258FD216009F3038 /* Sources */ = {
			isa = PBXSourcesBuildPhase;
			buildActionMask = 2147483647;
			files = (
				A0DA35BD258FD23D009F3038 /* UserContributionFetcher.swift in Sources */,
				A0374D52259E512F003D6D42 /* Background+CoreDataProperties.swift in Sources */,
				A0374D53259E512F003D6D42 /* Background+CoreDataClass.swift in Sources */,
				A0DD0EFB2593C0D300428149 /* Palette+CoreDataClass.swift in Sources */,
				A0DA35A9258FD216009F3038 /* GithubWidgets.swift in Sources */,
				A0374D5A259E5862003D6D42 /* URLExtension.swift in Sources */,
				A0DD0EF02593BEEA00428149 /* GithubContributions.xcdatamodeld in Sources */,
				A07B756D25AA3A800005D68D /* AccColor+CoreDataProperties.swift in Sources */,
				A016827425917798008925B6 /* UserDataFetcher.swift in Sources */,
				A0DA35BA258FD235009F3038 /* Network.swift in Sources */,
				A0DD0EFD2593C0D300428149 /* Palette+CoreDataProperties.swift in Sources */,
				A07B754C25AA18140005D68D /* NormalGithubWidget.swift in Sources */,
				A0DA35AE258FD218009F3038 /* GithubWidgets.intentdefinition in Sources */,
				A0374D41259E4F01003D6D42 /* CoreDataFetcher.swift in Sources */,
				A06E68E5259A63FF001E6E09 /* CalendarWidget.swift in Sources */,
				A0DA35C3258FD247009F3038 /* ColorExtension.swift in Sources */,
				A0F921D525A0ED1700BA66F5 /* UserInfoFetcher.swift in Sources */,
				A0DD0EF92593C0D300428149 /* CColor+CoreDataProperties.swift in Sources */,
				A07B756A25AA3A800005D68D /* AccColor+CoreDataClass.swift in Sources */,
				A0DA35C0258FD243009F3038 /* Contribution.swift in Sources */,
				A05DF8CC25917C9400C1A0F3 /* API.swift in Sources */,
				A0DA35C6258FD24B009F3038 /* SquareView.swift in Sources */,
				A0C25EA625A533A60070EDF1 /* ClassicGridWidget.swift in Sources */,
				A0374D3D259E4EC2003D6D42 /* IntentHandler.swift in Sources */,
				A0DD0EF72593C0D300428149 /* CColor+CoreDataClass.swift in Sources */,
			);
			runOnlyForDeploymentPostprocessing = 0;
		};
/* End PBXSourcesBuildPhase section */

/* Begin PBXTargetDependency section */
		A0374D36259E4E77003D6D42 /* PBXTargetDependency */ = {
			isa = PBXTargetDependency;
			target = A0374D2D259E4E77003D6D42 /* PaletteIntent */;
			targetProxy = A0374D35259E4E77003D6D42 /* PBXContainerItemProxy */;
		};
		A0DA35B1258FD218009F3038 /* PBXTargetDependency */ = {
			isa = PBXTargetDependency;
			target = A0DA35A0258FD216009F3038 /* GithubWidgetsExtension */;
			targetProxy = A0DA35B0258FD218009F3038 /* PBXContainerItemProxy */;
		};
/* End PBXTargetDependency section */

/* Begin XCBuildConfiguration section */
		A0374D39259E4E77003D6D42 /* Debug */ = {
			isa = XCBuildConfiguration;
			buildSettings = {
				CODE_SIGN_ENTITLEMENTS = PaletteIntent/PaletteIntent.entitlements;
				CODE_SIGN_STYLE = Automatic;
				DEVELOPMENT_TEAM = SGJZQ53648;
				INFOPLIST_FILE = PaletteIntent/Info.plist;
				IPHONEOS_DEPLOYMENT_TARGET = 14.0;
				LD_RUNPATH_SEARCH_PATHS = (
					"$(inherited)",
					"@executable_path/Frameworks",
					"@executable_path/../../Frameworks",
				);
				PRODUCT_BUNDLE_IDENTIFIER = me.kirtanpatel.GithubContributions.PaletteIntent;
				PRODUCT_NAME = "$(TARGET_NAME)";
				SKIP_INSTALL = YES;
				SWIFT_VERSION = 5.0;
				TARGETED_DEVICE_FAMILY = "1,2";
			};
			name = Debug;
		};
		A0374D3A259E4E77003D6D42 /* Release */ = {
			isa = XCBuildConfiguration;
			buildSettings = {
				CODE_SIGN_ENTITLEMENTS = PaletteIntent/PaletteIntent.entitlements;
				CODE_SIGN_STYLE = Automatic;
				DEVELOPMENT_TEAM = SGJZQ53648;
				INFOPLIST_FILE = PaletteIntent/Info.plist;
				IPHONEOS_DEPLOYMENT_TARGET = 14.0;
				LD_RUNPATH_SEARCH_PATHS = (
					"$(inherited)",
					"@executable_path/Frameworks",
					"@executable_path/../../Frameworks",
				);
				PRODUCT_BUNDLE_IDENTIFIER = me.kirtanpatel.GithubContributions.PaletteIntent;
				PRODUCT_NAME = "$(TARGET_NAME)";
				SKIP_INSTALL = YES;
				SWIFT_VERSION = 5.0;
				TARGETED_DEVICE_FAMILY = "1,2";
			};
			name = Release;
		};
		A0CA688F258E570E009847DF /* Debug */ = {
			isa = XCBuildConfiguration;
			buildSettings = {
				ALWAYS_SEARCH_USER_PATHS = NO;
				CLANG_ANALYZER_NONNULL = YES;
				CLANG_ANALYZER_NUMBER_OBJECT_CONVERSION = YES_AGGRESSIVE;
				CLANG_CXX_LANGUAGE_STANDARD = "gnu++14";
				CLANG_CXX_LIBRARY = "libc++";
				CLANG_ENABLE_MODULES = YES;
				CLANG_ENABLE_OBJC_ARC = YES;
				CLANG_ENABLE_OBJC_WEAK = YES;
				CLANG_WARN_BLOCK_CAPTURE_AUTORELEASING = YES;
				CLANG_WARN_BOOL_CONVERSION = YES;
				CLANG_WARN_COMMA = YES;
				CLANG_WARN_CONSTANT_CONVERSION = YES;
				CLANG_WARN_DEPRECATED_OBJC_IMPLEMENTATIONS = YES;
				CLANG_WARN_DIRECT_OBJC_ISA_USAGE = YES_ERROR;
				CLANG_WARN_DOCUMENTATION_COMMENTS = YES;
				CLANG_WARN_EMPTY_BODY = YES;
				CLANG_WARN_ENUM_CONVERSION = YES;
				CLANG_WARN_INFINITE_RECURSION = YES;
				CLANG_WARN_INT_CONVERSION = YES;
				CLANG_WARN_NON_LITERAL_NULL_CONVERSION = YES;
				CLANG_WARN_OBJC_IMPLICIT_RETAIN_SELF = YES;
				CLANG_WARN_OBJC_LITERAL_CONVERSION = YES;
				CLANG_WARN_OBJC_ROOT_CLASS = YES_ERROR;
				CLANG_WARN_QUOTED_INCLUDE_IN_FRAMEWORK_HEADER = YES;
				CLANG_WARN_RANGE_LOOP_ANALYSIS = YES;
				CLANG_WARN_STRICT_PROTOTYPES = YES;
				CLANG_WARN_SUSPICIOUS_MOVE = YES;
				CLANG_WARN_UNGUARDED_AVAILABILITY = YES_AGGRESSIVE;
				CLANG_WARN_UNREACHABLE_CODE = YES;
				CLANG_WARN__DUPLICATE_METHOD_MATCH = YES;
				COPY_PHASE_STRIP = NO;
				DEBUG_INFORMATION_FORMAT = dwarf;
				ENABLE_STRICT_OBJC_MSGSEND = YES;
				ENABLE_TESTABILITY = YES;
				GCC_C_LANGUAGE_STANDARD = gnu11;
				GCC_DYNAMIC_NO_PIC = NO;
				GCC_NO_COMMON_BLOCKS = YES;
				GCC_OPTIMIZATION_LEVEL = 0;
				GCC_PREPROCESSOR_DEFINITIONS = (
					"DEBUG=1",
					"$(inherited)",
				);
				GCC_WARN_64_TO_32_BIT_CONVERSION = YES;
				GCC_WARN_ABOUT_RETURN_TYPE = YES_ERROR;
				GCC_WARN_UNDECLARED_SELECTOR = YES;
				GCC_WARN_UNINITIALIZED_AUTOS = YES_AGGRESSIVE;
				GCC_WARN_UNUSED_FUNCTION = YES;
				GCC_WARN_UNUSED_VARIABLE = YES;
				IPHONEOS_DEPLOYMENT_TARGET = 14.2;
				MTL_ENABLE_DEBUG_INFO = INCLUDE_SOURCE;
				MTL_FAST_MATH = YES;
				ONLY_ACTIVE_ARCH = YES;
				SDKROOT = iphoneos;
				SWIFT_ACTIVE_COMPILATION_CONDITIONS = DEBUG;
				SWIFT_OPTIMIZATION_LEVEL = "-Onone";
			};
			name = Debug;
		};
		A0CA6890258E570E009847DF /* Release */ = {
			isa = XCBuildConfiguration;
			buildSettings = {
				ALWAYS_SEARCH_USER_PATHS = NO;
				CLANG_ANALYZER_NONNULL = YES;
				CLANG_ANALYZER_NUMBER_OBJECT_CONVERSION = YES_AGGRESSIVE;
				CLANG_CXX_LANGUAGE_STANDARD = "gnu++14";
				CLANG_CXX_LIBRARY = "libc++";
				CLANG_ENABLE_MODULES = YES;
				CLANG_ENABLE_OBJC_ARC = YES;
				CLANG_ENABLE_OBJC_WEAK = YES;
				CLANG_WARN_BLOCK_CAPTURE_AUTORELEASING = YES;
				CLANG_WARN_BOOL_CONVERSION = YES;
				CLANG_WARN_COMMA = YES;
				CLANG_WARN_CONSTANT_CONVERSION = YES;
				CLANG_WARN_DEPRECATED_OBJC_IMPLEMENTATIONS = YES;
				CLANG_WARN_DIRECT_OBJC_ISA_USAGE = YES_ERROR;
				CLANG_WARN_DOCUMENTATION_COMMENTS = YES;
				CLANG_WARN_EMPTY_BODY = YES;
				CLANG_WARN_ENUM_CONVERSION = YES;
				CLANG_WARN_INFINITE_RECURSION = YES;
				CLANG_WARN_INT_CONVERSION = YES;
				CLANG_WARN_NON_LITERAL_NULL_CONVERSION = YES;
				CLANG_WARN_OBJC_IMPLICIT_RETAIN_SELF = YES;
				CLANG_WARN_OBJC_LITERAL_CONVERSION = YES;
				CLANG_WARN_OBJC_ROOT_CLASS = YES_ERROR;
				CLANG_WARN_QUOTED_INCLUDE_IN_FRAMEWORK_HEADER = YES;
				CLANG_WARN_RANGE_LOOP_ANALYSIS = YES;
				CLANG_WARN_STRICT_PROTOTYPES = YES;
				CLANG_WARN_SUSPICIOUS_MOVE = YES;
				CLANG_WARN_UNGUARDED_AVAILABILITY = YES_AGGRESSIVE;
				CLANG_WARN_UNREACHABLE_CODE = YES;
				CLANG_WARN__DUPLICATE_METHOD_MATCH = YES;
				COPY_PHASE_STRIP = NO;
				DEBUG_INFORMATION_FORMAT = "dwarf-with-dsym";
				ENABLE_NS_ASSERTIONS = NO;
				ENABLE_STRICT_OBJC_MSGSEND = YES;
				GCC_C_LANGUAGE_STANDARD = gnu11;
				GCC_NO_COMMON_BLOCKS = YES;
				GCC_WARN_64_TO_32_BIT_CONVERSION = YES;
				GCC_WARN_ABOUT_RETURN_TYPE = YES_ERROR;
				GCC_WARN_UNDECLARED_SELECTOR = YES;
				GCC_WARN_UNINITIALIZED_AUTOS = YES_AGGRESSIVE;
				GCC_WARN_UNUSED_FUNCTION = YES;
				GCC_WARN_UNUSED_VARIABLE = YES;
				IPHONEOS_DEPLOYMENT_TARGET = 14.2;
				MTL_ENABLE_DEBUG_INFO = NO;
				MTL_FAST_MATH = YES;
				SDKROOT = iphoneos;
				SWIFT_COMPILATION_MODE = wholemodule;
				SWIFT_OPTIMIZATION_LEVEL = "-O";
				VALIDATE_PRODUCT = YES;
			};
			name = Release;
		};
		A0CA6892258E570E009847DF /* Debug */ = {
			isa = XCBuildConfiguration;
			buildSettings = {
				ALWAYS_EMBED_SWIFT_STANDARD_LIBRARIES = YES;
				ASSETCATALOG_COMPILER_APPICON_NAME = AppIcon;
				ASSETCATALOG_COMPILER_GLOBAL_ACCENT_COLOR_NAME = AccentColor;
				CODE_SIGN_ENTITLEMENTS = GithubContributions/GithubContributions.entitlements;
				CODE_SIGN_STYLE = Automatic;
				DEVELOPMENT_ASSET_PATHS = "\"GithubContributions/Preview Content\"";
				DEVELOPMENT_TEAM = SGJZQ53648;
				ENABLE_PREVIEWS = YES;
				INFOPLIST_FILE = GithubContributions/Info.plist;
				IPHONEOS_DEPLOYMENT_TARGET = 14.0;
				LD_RUNPATH_SEARCH_PATHS = (
					"$(inherited)",
					"@executable_path/Frameworks",
				);
				PRODUCT_BUNDLE_IDENTIFIER = me.kirtanpatel.GithubContributions;
				PRODUCT_NAME = "$(TARGET_NAME)";
				SWIFT_VERSION = 5.0;
				TARGETED_DEVICE_FAMILY = "1,2";
			};
			name = Debug;
		};
		A0CA6893258E570E009847DF /* Release */ = {
			isa = XCBuildConfiguration;
			buildSettings = {
				ALWAYS_EMBED_SWIFT_STANDARD_LIBRARIES = YES;
				ASSETCATALOG_COMPILER_APPICON_NAME = AppIcon;
				ASSETCATALOG_COMPILER_GLOBAL_ACCENT_COLOR_NAME = AccentColor;
				CODE_SIGN_ENTITLEMENTS = GithubContributions/GithubContributions.entitlements;
				CODE_SIGN_STYLE = Automatic;
				DEVELOPMENT_ASSET_PATHS = "\"GithubContributions/Preview Content\"";
				DEVELOPMENT_TEAM = SGJZQ53648;
				ENABLE_PREVIEWS = YES;
				INFOPLIST_FILE = GithubContributions/Info.plist;
				IPHONEOS_DEPLOYMENT_TARGET = 14.0;
				LD_RUNPATH_SEARCH_PATHS = (
					"$(inherited)",
					"@executable_path/Frameworks",
				);
				PRODUCT_BUNDLE_IDENTIFIER = me.kirtanpatel.GithubContributions;
				PRODUCT_NAME = "$(TARGET_NAME)";
				SWIFT_VERSION = 5.0;
				TARGETED_DEVICE_FAMILY = "1,2";
			};
			name = Release;
		};
		A0DA35B4258FD218009F3038 /* Debug */ = {
			isa = XCBuildConfiguration;
			buildSettings = {
				ASSETCATALOG_COMPILER_GLOBAL_ACCENT_COLOR_NAME = AccentColor;
				ASSETCATALOG_COMPILER_WIDGET_BACKGROUND_COLOR_NAME = WidgetBackground;
				CODE_SIGN_ENTITLEMENTS = GithubWidgetsExtension.entitlements;
				CODE_SIGN_STYLE = Automatic;
				DEVELOPMENT_TEAM = SGJZQ53648;
				INFOPLIST_FILE = GithubWidgets/Info.plist;
				IPHONEOS_DEPLOYMENT_TARGET = 14.0;
				LD_RUNPATH_SEARCH_PATHS = (
					"$(inherited)",
					"@executable_path/Frameworks",
					"@executable_path/../../Frameworks",
				);
				PRODUCT_BUNDLE_IDENTIFIER = me.kirtanpatel.GithubContributions.GithubWidgets;
				PRODUCT_NAME = "$(TARGET_NAME)";
				SKIP_INSTALL = YES;
				SWIFT_VERSION = 5.0;
				TARGETED_DEVICE_FAMILY = "1,2";
			};
			name = Debug;
		};
		A0DA35B5258FD218009F3038 /* Release */ = {
			isa = XCBuildConfiguration;
			buildSettings = {
				ASSETCATALOG_COMPILER_GLOBAL_ACCENT_COLOR_NAME = AccentColor;
				ASSETCATALOG_COMPILER_WIDGET_BACKGROUND_COLOR_NAME = WidgetBackground;
				CODE_SIGN_ENTITLEMENTS = GithubWidgetsExtension.entitlements;
				CODE_SIGN_STYLE = Automatic;
				DEVELOPMENT_TEAM = SGJZQ53648;
				INFOPLIST_FILE = GithubWidgets/Info.plist;
				IPHONEOS_DEPLOYMENT_TARGET = 14.0;
				LD_RUNPATH_SEARCH_PATHS = (
					"$(inherited)",
					"@executable_path/Frameworks",
					"@executable_path/../../Frameworks",
				);
				PRODUCT_BUNDLE_IDENTIFIER = me.kirtanpatel.GithubContributions.GithubWidgets;
				PRODUCT_NAME = "$(TARGET_NAME)";
				SKIP_INSTALL = YES;
				SWIFT_VERSION = 5.0;
				TARGETED_DEVICE_FAMILY = "1,2";
			};
			name = Release;
		};
/* End XCBuildConfiguration section */

/* Begin XCConfigurationList section */
		A0374D38259E4E77003D6D42 /* Build configuration list for PBXNativeTarget "PaletteIntent" */ = {
			isa = XCConfigurationList;
			buildConfigurations = (
				A0374D39259E4E77003D6D42 /* Debug */,
				A0374D3A259E4E77003D6D42 /* Release */,
			);
			defaultConfigurationIsVisible = 0;
			defaultConfigurationName = Release;
		};
		A0CA6878258E570B009847DF /* Build configuration list for PBXProject "GithubContributions" */ = {
			isa = XCConfigurationList;
			buildConfigurations = (
				A0CA688F258E570E009847DF /* Debug */,
				A0CA6890258E570E009847DF /* Release */,
			);
			defaultConfigurationIsVisible = 0;
			defaultConfigurationName = Release;
		};
		A0CA6891258E570E009847DF /* Build configuration list for PBXNativeTarget "GithubContributions" */ = {
			isa = XCConfigurationList;
			buildConfigurations = (
				A0CA6892258E570E009847DF /* Debug */,
				A0CA6893258E570E009847DF /* Release */,
			);
			defaultConfigurationIsVisible = 0;
			defaultConfigurationName = Release;
		};
		A0DA35B6258FD218009F3038 /* Build configuration list for PBXNativeTarget "GithubWidgetsExtension" */ = {
			isa = XCConfigurationList;
			buildConfigurations = (
				A0DA35B4258FD218009F3038 /* Debug */,
				A0DA35B5258FD218009F3038 /* Release */,
			);
			defaultConfigurationIsVisible = 0;
			defaultConfigurationName = Release;
		};
/* End XCConfigurationList section */

/* Begin XCRemoteSwiftPackageReference section */
		A0510341258FF6A300E2CC60 /* XCRemoteSwiftPackageReference "BetterSafariView" */ = {
			isa = XCRemoteSwiftPackageReference;
			repositoryURL = "https://github.com/stleamist/BetterSafariView";
			requirement = {
				kind = upToNextMinorVersion;
				minimumVersion = 2.2.2;
			};
		};
		A051034925901E3D00E2CC60 /* XCRemoteSwiftPackageReference "Kingfisher" */ = {
			isa = XCRemoteSwiftPackageReference;
			repositoryURL = "https://github.com/onevcat/Kingfisher.git";
			requirement = {
				kind = upToNextMajorVersion;
				minimumVersion = 5.15.8;
			};
		};
		A0CA68A2258E8C41009847DF /* XCRemoteSwiftPackageReference "apollo-ios" */ = {
			isa = XCRemoteSwiftPackageReference;
			repositoryURL = "https://github.com/apollographql/apollo-ios.git";
			requirement = {
				kind = upToNextMinorVersion;
				minimumVersion = 0.38.3;
			};
		};
/* End XCRemoteSwiftPackageReference section */

/* Begin XCSwiftPackageProductDependency section */
		A0510339258FE6DC00E2CC60 /* Apollo */ = {
			isa = XCSwiftPackageProductDependency;
			package = A0CA68A2258E8C41009847DF /* XCRemoteSwiftPackageReference "apollo-ios" */;
			productName = Apollo;
		};
		A0510342258FF6A400E2CC60 /* BetterSafariView */ = {
			isa = XCSwiftPackageProductDependency;
			package = A0510341258FF6A300E2CC60 /* XCRemoteSwiftPackageReference "BetterSafariView" */;
			productName = BetterSafariView;
		};
		A051034A25901E3E00E2CC60 /* Kingfisher */ = {
			isa = XCSwiftPackageProductDependency;
			package = A051034925901E3D00E2CC60 /* XCRemoteSwiftPackageReference "Kingfisher" */;
			productName = Kingfisher;
		};
		A051034C25901E3E00E2CC60 /* KingfisherSwiftUI */ = {
			isa = XCSwiftPackageProductDependency;
			package = A051034925901E3D00E2CC60 /* XCRemoteSwiftPackageReference "Kingfisher" */;
			productName = KingfisherSwiftUI;
		};
		A051035025901E4C00E2CC60 /* Kingfisher */ = {
			isa = XCSwiftPackageProductDependency;
			package = A051034925901E3D00E2CC60 /* XCRemoteSwiftPackageReference "Kingfisher" */;
			productName = Kingfisher;
		};
		A051035225901E5500E2CC60 /* KingfisherSwiftUI */ = {
			isa = XCSwiftPackageProductDependency;
			package = A051034925901E3D00E2CC60 /* XCRemoteSwiftPackageReference "Kingfisher" */;
			productName = KingfisherSwiftUI;
		};
		A0CA68A3258E8C41009847DF /* Apollo */ = {
			isa = XCSwiftPackageProductDependency;
			package = A0CA68A2258E8C41009847DF /* XCRemoteSwiftPackageReference "apollo-ios" */;
			productName = Apollo;
		};
/* End XCSwiftPackageProductDependency section */

/* Begin XCVersionGroup section */
		A0DD0EED2593BEEA00428149 /* GithubContributions.xcdatamodeld */ = {
			isa = XCVersionGroup;
			children = (
				A0DD0EEE2593BEEA00428149 /* GithubContributions.xcdatamodel */,
			);
			currentVersion = A0DD0EEE2593BEEA00428149 /* GithubContributions.xcdatamodel */;
			path = GithubContributions.xcdatamodeld;
			sourceTree = "<group>";
			versionGroupType = wrapper.xcdatamodel;
		};
/* End XCVersionGroup section */
	};
	rootObject = A0CA6875258E570B009847DF /* Project object */;
}
